{
  "name": "ga4-dataform-project",
  "version": "1.0.0",
  "lockfileVersion": 2,
  "requires": true,
  "packages": {
    "": {
      "name": "ga4-dataform-project",
      "version": "1.0.0",
      "dependencies": {
        "@dataform/core": "3.0.43"
      }
    },
    "node_modules/@dataform/core": {
      "version": "3.0.43",
      "resolved": "https://registry.npmjs.org/@dataform/core/-/core-3.0.43.tgz",
      "integrity": "sha512-JMa4N7GTo9WGDswness3FrAwKTFO9N8K+gJYNk/UbGwQPxYuJLNUh1dQ6YXQmQVZAE9VlIHJV6y6CiZLF+EsFA=="
    }
  },
  "dependencies": {
    "@dataform/core": {
      "version": "3.0.43",
      "resolved": "https://registry.npmjs.org/@dataform/core/-/core-3.0.43.tgz",
      "integrity": "sha512-JMa4N7GTo9WGDswness3FrAwKTFO9N8K+gJYNk/UbGwQPxYuJLNUh1dQ6YXQmQVZAE9VlIHJV6y6CiZLF+EsFA=="
    }
  }
}